
Microsoft Visual Studio Solution File, Format Version 12.00
# Visual Studio Version 17
VisualStudioVersion = 17.9.34728.123
MinimumVisualStudioVersion = 10.0.40219.1
Project("{FAE04EC0-301F-11D3-BF4B-00C04F79EFBC}") = "SpectMeasure", "SpectMeasure.csproj", "{0181019E-D624-49D7-8847-4734FCE38290}"
EndProject
Global
	GlobalSection(SolutionConfigurationPlatforms) = preSolution
		Debug|Any CPU = Debug|Any CPU
		Release|Any CPU = Release|Any CPU
	EndGlobalSection
	GlobalSection(ProjectConfigurationPlatforms) = postSolution
		{0181019E-D624-49D7-8847-4734FCE38290}.Debug|Any CPU.ActiveCfg = Debug|Any CPU
		{0181019E-D624-49D7-8847-4734FCE38290}.Debug|Any CPU.Build.0 = Debug|Any CPU
		{0181019E-D624-49D7-8847-4734FCE38290}.Release|Any CPU.ActiveCfg = Release|Any CPU
		{0181019E-D624-49D7-8847-4734FCE38290}.Release|Any CPU.Build.0 = Release|Any CPU
	EndGlobalSection
	GlobalSection(SolutionProperties) = preSolution
		HideSolutionNode = FALSE
	EndGlobalSection
	GlobalSection(ExtensibilityGlobals) = postSolution
		SolutionGuid = {15ABD7F1-C297-4D1C-961E-69F4A852581D}
	EndGlobalSection
EndGlobal
